
Microsoft Visual Studio Solution File, Format Version 12.00
# Visual Studio 2012
Project("{FAE04EC0-301F-11D3-BF4B-00C04F79EFBC}") = "Catty.Core", "Catty\Catty.Core.csproj", "{66FC58D9-3402-4EED-9CF8-5825BC057FF3}"
EndProject
Project("{FAE04EC0-301F-11D3-BF4B-00C04F79EFBC}") = "ExampleServer", "ExampleServer\ExampleServer.csproj", "{4F5DEFC5-C04D-45E7-B462-52A6C8BC2929}"
EndProject
Project("{FAE04EC0-301F-11D3-BF4B-00C04F79EFBC}") = "ExampleClient", "ExampleClient\ExampleClient.csproj", "{CF8A340E-1145-405B-9A3C-674E4CAB2A29}"
EndProject
Project("{2150E333-8FDC-42A3-9474-1A3956D46DE8}") = ".nuget", ".nuget", "{8C16F43C-E570-417F-8641-6CEB03B350D7}"
	ProjectSection(SolutionItems) = preProject
		.nuget\NuGet.Config = .nuget\NuGet.Config
		.nuget\NuGet.exe = .nuget\NuGet.exe
		.nuget\NuGet.targets = .nuget\NuGet.targets
	EndProjectSection
EndProject
Project("{FAE04EC0-301F-11D3-BF4B-00C04F79EFBC}") = "ExampleNtService", "ExampleNtService\ExampleNtService.csproj", "{AEB6940D-B187-4304-B06F-7E28B8F5BE13}"
EndProject
Global
	GlobalSection(SolutionConfigurationPlatforms) = preSolution
		Debug|Any CPU = Debug|Any CPU
		Release|Any CPU = Release|Any CPU
	EndGlobalSection
	GlobalSection(ProjectConfigurationPlatforms) = postSolution
		{66FC58D9-3402-4EED-9CF8-5825BC057FF3}.Debug|Any CPU.ActiveCfg = Debug|Any CPU
		{66FC58D9-3402-4EED-9CF8-5825BC057FF3}.Debug|Any CPU.Build.0 = Debug|Any CPU
		{66FC58D9-3402-4EED-9CF8-5825BC057FF3}.Release|Any CPU.ActiveCfg = Release|Any CPU
		{66FC58D9-3402-4EED-9CF8-5825BC057FF3}.Release|Any CPU.Build.0 = Release|Any CPU
		{4F5DEFC5-C04D-45E7-B462-52A6C8BC2929}.Debug|Any CPU.ActiveCfg = Debug|Any CPU
		{4F5DEFC5-C04D-45E7-B462-52A6C8BC2929}.Debug|Any CPU.Build.0 = Debug|Any CPU
		{4F5DEFC5-C04D-45E7-B462-52A6C8BC2929}.Release|Any CPU.ActiveCfg = Release|Any CPU
		{4F5DEFC5-C04D-45E7-B462-52A6C8BC2929}.Release|Any CPU.Build.0 = Release|Any CPU
		{CF8A340E-1145-405B-9A3C-674E4CAB2A29}.Debug|Any CPU.ActiveCfg = Debug|Any CPU
		{CF8A340E-1145-405B-9A3C-674E4CAB2A29}.Debug|Any CPU.Build.0 = Debug|Any CPU
		{CF8A340E-1145-405B-9A3C-674E4CAB2A29}.Release|Any CPU.ActiveCfg = Release|Any CPU
		{CF8A340E-1145-405B-9A3C-674E4CAB2A29}.Release|Any CPU.Build.0 = Release|Any CPU
		{AEB6940D-B187-4304-B06F-7E28B8F5BE13}.Debug|Any CPU.ActiveCfg = Debug|Any CPU
		{AEB6940D-B187-4304-B06F-7E28B8F5BE13}.Debug|Any CPU.Build.0 = Debug|Any CPU
		{AEB6940D-B187-4304-B06F-7E28B8F5BE13}.Release|Any CPU.ActiveCfg = Release|Any CPU
		{AEB6940D-B187-4304-B06F-7E28B8F5BE13}.Release|Any CPU.Build.0 = Release|Any CPU
	EndGlobalSection
	GlobalSection(SolutionProperties) = preSolution
		HideSolutionNode = FALSE
	EndGlobalSection
EndGlobal
